
Microsoft Visual Studio Solution File, Format Version 12.00
# Visual Studio Version 16
VisualStudioVersion = 16.0.32228.343
MinimumVisualStudioVersion = 10.0.40219.1
Project("{FAE04EC0-301F-11D3-BF4B-00C04F79EFBC}") = "project1", "project1\project1.csproj", "{18F82073-578C-4A63-8037-5AA1B1F0883F}"
EndProject
Project("{FAE04EC0-301F-11D3-BF4B-00C04F79EFBC}") = "b1", "ClassLibrary1\b1.csproj", "{D54C27DF-F1C7-4494-B464-4E052AF8F6ED}"
EndProject
Global
	GlobalSection(SolutionConfigurationPlatforms) = preSolution
		Debug|Any CPU = Debug|Any CPU
		Release|Any CPU = Release|Any CPU
	EndGlobalSection
	GlobalSection(ProjectConfigurationPlatforms) = postSolution
		{18F82073-578C-4A63-8037-5AA1B1F0883F}.Debug|Any CPU.ActiveCfg = Debug|Any CPU
		{18F82073-578C-4A63-8037-5AA1B1F0883F}.Debug|Any CPU.Build.0 = Debug|Any CPU
		{18F82073-578C-4A63-8037-5AA1B1F0883F}.Release|Any CPU.ActiveCfg = Release|Any CPU
		{18F82073-578C-4A63-8037-5AA1B1F0883F}.Release|Any CPU.Build.0 = Release|Any CPU
		{D54C27DF-F1C7-4494-B464-4E052AF8F6ED}.Debug|Any CPU.ActiveCfg = Debug|Any CPU
		{D54C27DF-F1C7-4494-B464-4E052AF8F6ED}.Debug|Any CPU.Build.0 = Debug|Any CPU
		{D54C27DF-F1C7-4494-B464-4E052AF8F6ED}.Release|Any CPU.ActiveCfg = Release|Any CPU
		{D54C27DF-F1C7-4494-B464-4E052AF8F6ED}.Release|Any CPU.Build.0 = Release|Any CPU
	EndGlobalSection
	GlobalSection(SolutionProperties) = preSolution
		HideSolutionNode = FALSE
	EndGlobalSection
	GlobalSection(ExtensibilityGlobals) = postSolution
		SolutionGuid = {8DA950F8-4CAF-4F25-B0BC-A9720645A54E}
	EndGlobalSection
EndGlobal
