
Microsoft Visual Studio Solution File, Format Version 12.00
# Visual Studio Version 16
VisualStudioVersion = 16.0.32228.343
MinimumVisualStudioVersion = 10.0.40219.1
Project("{FAE04EC0-301F-11D3-BF4B-00C04F79EFBC}") = "directoryinfo", "directoryinfo\directoryinfo.csproj", "{36F117FB-DDD9-4DF1-B28D-4872F91FC995}"
EndProject
Global
	GlobalSection(SolutionConfigurationPlatforms) = preSolution
		Debug|Any CPU = Debug|Any CPU
		Release|Any CPU = Release|Any CPU
	EndGlobalSection
	GlobalSection(ProjectConfigurationPlatforms) = postSolution
		{36F117FB-DDD9-4DF1-B28D-4872F91FC995}.Debug|Any CPU.ActiveCfg = Debug|Any CPU
		{36F117FB-DDD9-4DF1-B28D-4872F91FC995}.Debug|Any CPU.Build.0 = Debug|Any CPU
		{36F117FB-DDD9-4DF1-B28D-4872F91FC995}.Release|Any CPU.ActiveCfg = Release|Any CPU
		{36F117FB-DDD9-4DF1-B28D-4872F91FC995}.Release|Any CPU.Build.0 = Release|Any CPU
	EndGlobalSection
	GlobalSection(SolutionProperties) = preSolution
		HideSolutionNode = FALSE
	EndGlobalSection
	GlobalSection(ExtensibilityGlobals) = postSolution
		SolutionGuid = {33F59812-FF36-4521-BE7D-E8454771AFB7}
	EndGlobalSection
EndGlobal
