
Microsoft Visual Studio Solution File, Format Version 12.00
# Visual Studio Version 16
VisualStudioVersion = 16.0.32228.343
MinimumVisualStudioVersion = 10.0.40219.1
Project("{FAE04EC0-301F-11D3-BF4B-00C04F79EFBC}") = "file40822", "file40822\file40822.csproj", "{8987ECA4-FC68-45F0-8E84-024B3ECF011F}"
EndProject
Global
	GlobalSection(SolutionConfigurationPlatforms) = preSolution
		Debug|Any CPU = Debug|Any CPU
		Release|Any CPU = Release|Any CPU
	EndGlobalSection
	GlobalSection(ProjectConfigurationPlatforms) = postSolution
		{8987ECA4-FC68-45F0-8E84-024B3ECF011F}.Debug|Any CPU.ActiveCfg = Debug|Any CPU
		{8987ECA4-FC68-45F0-8E84-024B3ECF011F}.Debug|Any CPU.Build.0 = Debug|Any CPU
		{8987ECA4-FC68-45F0-8E84-024B3ECF011F}.Release|Any CPU.ActiveCfg = Release|Any CPU
		{8987ECA4-FC68-45F0-8E84-024B3ECF011F}.Release|Any CPU.Build.0 = Release|Any CPU
	EndGlobalSection
	GlobalSection(SolutionProperties) = preSolution
		HideSolutionNode = FALSE
	EndGlobalSection
	GlobalSection(ExtensibilityGlobals) = postSolution
		SolutionGuid = {94218621-221C-4208-A4A3-1EBB6CFAB38C}
	EndGlobalSection
EndGlobal
